// !$*UTF8*$!
{
	archiveVersion = 1;
	classes = {
	};
	objectVersion = 77;
	objects = {

/* Begin PBXContainerItemProxy section */
		A36B601B2D4C7BF700655E88 /* PBXContainerItemProxy */ = {
			isa = PBXContainerItemProxy;
			containerPortal = A36B60022D4C7BF600655E88 /* Project object */;
			proxyType = 1;
			remoteGlobalIDString = A36B60092D4C7BF600655E88;
			remoteInfo = AsyncAwaitAPIBootCamp;
		};
		A36B60252D4C7BF700655E88 /* PBXContainerItemProxy */ = {
			isa = PBXContainerItemProxy;
			containerPortal = A36B60022D4C7BF600655E88 /* Project object */;
			proxyType = 1;
			remoteGlobalIDString = A36B60092D4C7BF600655E88;
			remoteInfo = AsyncAwaitAPIBootCamp;
		};
/* End PBXContainerItemProxy section */

/* Begin PBXFileReference section */
		A36B600A2D4C7BF600655E88 /* AsyncAwaitAPIBootCamp.app */ = {isa = PBXFileReference; explicitFileType = wrapper.application; includeInIndex = 0; path = AsyncAwaitAPIBootCamp.app; sourceTree = BUILT_PRODUCTS_DIR; };
		A36B601A2D4C7BF700655E88 /* AsyncAwaitAPIBootCampTests.xctest */ = {isa = PBXFileReference; explicitFileType = wrapper.cfbundle; includeInIndex = 0; path = AsyncAwaitAPIBootCampTests.xctest; sourceTree = BUILT_PRODUCTS_DIR; };
		A36B60242D4C7BF700655E88 /* AsyncAwaitAPIBootCampUITests.xctest */ = {isa = PBXFileReference; explicitFileType = wrapper.cfbundle; includeInIndex = 0; path = AsyncAwaitAPIBootCampUITests.xctest; sourceTree = BUILT_PRODUCTS_DIR; };
/* End PBXFileReference section */

/* Begin PBXFileSystemSynchronizedRootGroup section */
		A36B600C2D4C7BF600655E88 /* AsyncAwaitAPIBootCamp */ = {
			isa = PBXFileSystemSynchronizedRootGroup;
			path = AsyncAwaitAPIBootCamp;
			sourceTree = "<group>";
		};
		A36B601D2D4C7BF700655E88 /* AsyncAwaitAPIBootCampTests */ = {
			isa = PBXFileSystemSynchronizedRootGroup;
			path = AsyncAwaitAPIBootCampTests;
			sourceTree = "<group>";
		};
		A36B60272D4C7BF700655E88 /* AsyncAwaitAPIBootCampUITests */ = {
			isa = PBXFileSystemSynchronizedRootGroup;
			path = AsyncAwaitAPIBootCampUITests;
			sourceTree = "<group>";
		};
/* End PBXFileSystemSynchronizedRootGroup section */

/* Begin PBXFrameworksBuildPhase section */
		A36B60072D4C7BF600655E88 /* Frameworks */ = {
			isa = PBXFrameworksBuildPhase;
			buildActionMask = 2147483647;
			files = (
			);
			runOnlyForDeploymentPostprocessing = 0;
		};
		A36B60172D4C7BF700655E88 /* Frameworks */ = {
			isa = PBXFrameworksBuildPhase;
			buildActionMask = 2147483647;
			files = (
			);
			runOnlyForDeploymentPostprocessing = 0;
		};
		A36B60212D4C7BF700655E88 /* Frameworks */ = {
			isa = PBXFrameworksBuildPhase;
			buildActionMask = 2147483647;
			files = (
			);
			runOnlyForDeploymentPostprocessing = 0;
		};
/* End PBXFrameworksBuildPhase section */

/* Begin PBXGroup section */
		A36B60012D4C7BF600655E88 = {
			isa = PBXGroup;
			children = (
				A36B600C2D4C7BF600655E88 /* AsyncAwaitAPIBootCamp */,
				A36B601D2D4C7BF700655E88 /* AsyncAwaitAPIBootCampTests */,
				A36B60272D4C7BF700655E88 /* AsyncAwaitAPIBootCampUITests */,
				A36B600B2D4C7BF600655E88 /* Products */,
			);
			sourceTree = "<group>";
		};
		A36B600B2D4C7BF600655E88 /* Products */ = {
			isa = PBXGroup;
			children = (
				A36B600A2D4C7BF600655E88 /* AsyncAwaitAPIBootCamp.app */,
				A36B601A2D4C7BF700655E88 /* AsyncAwaitAPIBootCampTests.xctest */,
				A36B60242D4C7BF700655E88 /* AsyncAwaitAPIBootCampUITests.xctest */,
			);
			name = Products;
			sourceTree = "<group>";
		};
/* End PBXGroup section */

/* Begin PBXNativeTarget section */
		A36B60092D4C7BF600655E88 /* AsyncAwaitAPIBootCamp */ = {
			isa = PBXNativeTarget;
			buildConfigurationList = A36B602E2D4C7BF700655E88 /* Build configuration list for PBXNativeTarget "AsyncAwaitAPIBootCamp" */;
			buildPhases = (
				A36B60062D4C7BF600655E88 /* Sources */,
				A36B60072D4C7BF600655E88 /* Frameworks */,
				A36B60082D4C7BF600655E88 /* Resources */,
			);
			buildRules = (
			);
			dependencies = (
			);
			fileSystemSynchronizedGroups = (
				A36B600C2D4C7BF600655E88 /* AsyncAwaitAPIBootCamp */,
			);
			name = AsyncAwaitAPIBootCamp;
			packageProductDependencies = (
			);
			productName = AsyncAwaitAPIBootCamp;
			productReference = A36B600A2D4C7BF600655E88 /* AsyncAwaitAPIBootCamp.app */;
			productType = "com.apple.product-type.application";
		};
		A36B60192D4C7BF700655E88 /* AsyncAwaitAPIBootCampTests */ = {
			isa = PBXNativeTarget;
			buildConfigurationList = A36B60312D4C7BF700655E88 /* Build configuration list for PBXNativeTarget "AsyncAwaitAPIBootCampTests" */;
			buildPhases = (
				A36B60162D4C7BF700655E88 /* Sources */,
				A36B60172D4C7BF700655E88 /* Frameworks */,
				A36B60182D4C7BF700655E88 /* Resources */,
			);
			buildRules = (
			);
			dependencies = (
				A36B601C2D4C7BF700655E88 /* PBXTargetDependency */,
			);
			fileSystemSynchronizedGroups = (
				A36B601D2D4C7BF700655E88 /* AsyncAwaitAPIBootCampTests */,
			);
			name = AsyncAwaitAPIBootCampTests;
			packageProductDependencies = (
			);
			productName = AsyncAwaitAPIBootCampTests;
			productReference = A36B601A2D4C7BF700655E88 /* AsyncAwaitAPIBootCampTests.xctest */;
			productType = "com.apple.product-type.bundle.unit-test";
		};
		A36B60232D4C7BF700655E88 /* AsyncAwaitAPIBootCampUITests */ = {
			isa = PBXNativeTarget;
			buildConfigurationList = A36B60342D4C7BF700655E88 /* Build configuration list for PBXNativeTarget "AsyncAwaitAPIBootCampUITests" */;
			buildPhases = (
				A36B60202D4C7BF700655E88 /* Sources */,
				A36B60212D4C7BF700655E88 /* Frameworks */,
				A36B60222D4C7BF700655E88 /* Resources */,
			);
			buildRules = (
			);
			dependencies = (
				A36B60262D4C7BF700655E88 /* PBXTargetDependency */,
			);
			fileSystemSynchronizedGroups = (
				A36B60272D4C7BF700655E88 /* AsyncAwaitAPIBootCampUITests */,
			);
			name = AsyncAwaitAPIBootCampUITests;
			packageProductDependencies = (
			);
			productName = AsyncAwaitAPIBootCampUITests;
			productReference = A36B60242D4C7BF700655E88 /* AsyncAwaitAPIBootCampUITests.xctest */;
			productType = "com.apple.product-type.bundle.ui-testing";
		};
/* End PBXNativeTarget section */

/* Begin PBXProject section */
		A36B60022D4C7BF600655E88 /* Project object */ = {
			isa = PBXProject;
			attributes = {
				BuildIndependentTargetsInParallel = 1;
				LastSwiftUpdateCheck = 1620;
				LastUpgradeCheck = 1620;
				TargetAttributes = {
					A36B60092D4C7BF600655E88 = {
						CreatedOnToolsVersion = 16.2;
					};
					A36B60192D4C7BF700655E88 = {
						CreatedOnToolsVersion = 16.2;
						TestTargetID = A36B60092D4C7BF600655E88;
					};
					A36B60232D4C7BF700655E88 = {
						CreatedOnToolsVersion = 16.2;
						TestTargetID = A36B60092D4C7BF600655E88;
					};
				};
			};
			buildConfigurationList = A36B60052D4C7BF600655E88 /* Build configuration list for PBXProject "AsyncAwaitAPIBootCamp" */;
			developmentRegion = en;
			hasScannedForEncodings = 0;
			knownRegions = (
				en,
				Base,
			);
			mainGroup = A36B60012D4C7BF600655E88;
			minimizedProjectReferenceProxies = 1;
			preferredProjectObjectVersion = 77;
			productRefGroup = A36B600B2D4C7BF600655E88 /* Products */;
			projectDirPath = "";
			projectRoot = "";
			targets = (
				A36B60092D4C7BF600655E88 /* AsyncAwaitAPIBootCamp */,
				A36B60192D4C7BF700655E88 /* AsyncAwaitAPIBootCampTests */,
				A36B60232D4C7BF700655E88 /* AsyncAwaitAPIBootCampUITests */,
			);
		};
/* End PBXProject section */

/* Begin PBXResourcesBuildPhase section */
		A36B60082D4C7BF600655E88 /* Resources */ = {
			isa = PBXResourcesBuildPhase;
			buildActionMask = 2147483647;
			files = (
			);
			runOnlyForDeploymentPostprocessing = 0;
		};
		A36B60182D4C7BF700655E88 /* Resources */ = {
			isa = PBXResourcesBuildPhase;
			buildActionMask = 2147483647;
			files = (
			);
			runOnlyForDeploymentPostprocessing = 0;
		};
		A36B60222D4C7BF700655E88 /* Resources */ = {
			isa = PBXResourcesBuildPhase;
			buildActionMask = 2147483647;
			files = (
			);
			runOnlyForDeploymentPostprocessing = 0;
		};
/* End PBXResourcesBuildPhase section */

/* Begin PBXSourcesBuildPhase section */
		A36B60062D4C7BF600655E88 /* Sources */ = {
			isa = PBXSourcesBuildPhase;
			buildActionMask = 2147483647;
			files = (
			);
			runOnlyForDeploymentPostprocessing = 0;
		};
		A36B60162D4C7BF700655E88 /* Sources */ = {
			isa = PBXSourcesBuildPhase;
			buildActionMask = 2147483647;
			files = (
			);
			runOnlyForDeploymentPostprocessing = 0;
		};
		A36B60202D4C7BF700655E88 /* Sources */ = {
			isa = PBXSourcesBuildPhase;
			buildActionMask = 2147483647;
			files = (
			);
			runOnlyForDeploymentPostprocessing = 0;
		};
/* End PBXSourcesBuildPhase section */

/* Begin PBXTargetDependency section */
		A36B601C2D4C7BF700655E88 /* PBXTargetDependency */ = {
			isa = PBXTargetDependency;
			target = A36B60092D4C7BF600655E88 /* AsyncAwaitAPIBootCamp */;
			targetProxy = A36B601B2D4C7BF700655E88 /* PBXContainerItemProxy */;
		};
		A36B60262D4C7BF700655E88 /* PBXTargetDependency */ = {
			isa = PBXTargetDependency;
			target = A36B60092D4C7BF600655E88 /* AsyncAwaitAPIBootCamp */;
			targetProxy = A36B60252D4C7BF700655E88 /* PBXContainerItemProxy */;
		};
/* End PBXTargetDependency section */

/* Begin XCBuildConfiguration section */
		A36B602C2D4C7BF700655E88 /* Debug */ = {
			isa = XCBuildConfiguration;
			buildSettings = {
				ALWAYS_SEARCH_USER_PATHS = NO;
				ASSETCATALOG_COMPILER_GENERATE_SWIFT_ASSET_SYMBOL_EXTENSIONS = YES;
				CLANG_ANALYZER_NONNULL = YES;
				CLANG_ANALYZER_NUMBER_OBJECT_CONVERSION = YES_AGGRESSIVE;
				CLANG_CXX_LANGUAGE_STANDARD = "gnu++20";
				CLANG_ENABLE_MODULES = YES;
				CLANG_ENABLE_OBJC_ARC = YES;
				CLANG_ENABLE_OBJC_WEAK = YES;
				CLANG_WARN_BLOCK_CAPTURE_AUTORELEASING = YES;
				CLANG_WARN_BOOL_CONVERSION = YES;
				CLANG_WARN_COMMA = YES;
				CLANG_WARN_CONSTANT_CONVERSION = YES;
				CLANG_WARN_DEPRECATED_OBJC_IMPLEMENTATIONS = YES;
				CLANG_WARN_DIRECT_OBJC_ISA_USAGE = YES_ERROR;
				CLANG_WARN_DOCUMENTATION_COMMENTS = YES;
				CLANG_WARN_EMPTY_BODY = YES;
				CLANG_WARN_ENUM_CONVERSION = YES;
				CLANG_WARN_INFINITE_RECURSION = YES;
				CLANG_WARN_INT_CONVERSION = YES;
				CLANG_WARN_NON_LITERAL_NULL_CONVERSION = YES;
				CLANG_WARN_OBJC_IMPLICIT_RETAIN_SELF = YES;
				CLANG_WARN_OBJC_LITERAL_CONVERSION = YES;
				CLANG_WARN_OBJC_ROOT_CLASS = YES_ERROR;
				CLANG_WARN_QUOTED_INCLUDE_IN_FRAMEWORK_HEADER = YES;
				CLANG_WARN_RANGE_LOOP_ANALYSIS = YES;
				CLANG_WARN_STRICT_PROTOTYPES = YES;
				CLANG_WARN_SUSPICIOUS_MOVE = YES;
				CLANG_WARN_UNGUARDED_AVAILABILITY = YES_AGGRESSIVE;
				CLANG_WARN_UNREACHABLE_CODE = YES;
				CLANG_WARN__DUPLICATE_METHOD_MATCH = YES;
				COPY_PHASE_STRIP = NO;
				DEBUG_INFORMATION_FORMAT = dwarf;
				ENABLE_STRICT_OBJC_MSGSEND = YES;
				ENABLE_TESTABILITY = YES;
				ENABLE_USER_SCRIPT_SANDBOXING = YES;
				GCC_C_LANGUAGE_STANDARD = gnu17;
				GCC_DYNAMIC_NO_PIC = NO;
				GCC_NO_COMMON_BLOCKS = YES;
				GCC_OPTIMIZATION_LEVEL = 0;
				GCC_PREPROCESSOR_DEFINITIONS = (
					"DEBUG=1",
					"$(inherited)",
				);
				GCC_WARN_64_TO_32_BIT_CONVERSION = YES;
				GCC_WARN_ABOUT_RETURN_TYPE = YES_ERROR;
				GCC_WARN_UNDECLARED_SELECTOR = YES;
				GCC_WARN_UNINITIALIZED_AUTOS = YES_AGGRESSIVE;
				GCC_WARN_UNUSED_FUNCTION = YES;
				GCC_WARN_UNUSED_VARIABLE = YES;
				IPHONEOS_DEPLOYMENT_TARGET = 18.2;
				LOCALIZATION_PREFERS_STRING_CATALOGS = YES;
				MTL_ENABLE_DEBUG_INFO = INCLUDE_SOURCE;
				MTL_FAST_MATH = YES;
				ONLY_ACTIVE_ARCH = YES;
				SDKROOT = iphoneos;
				SWIFT_ACTIVE_COMPILATION_CONDITIONS = "DEBUG $(inherited)";
				SWIFT_OPTIMIZATION_LEVEL = "-Onone";
			};
			name = Debug;
		};
		A36B602D2D4C7BF700655E88 /* Release */ = {
			isa = XCBuildConfiguration;
			buildSettings = {
				ALWAYS_SEARCH_USER_PATHS = NO;
				ASSETCATALOG_COMPILER_GENERATE_SWIFT_ASSET_SYMBOL_EXTENSIONS = YES;
				CLANG_ANALYZER_NONNULL = YES;
				CLANG_ANALYZER_NUMBER_OBJECT_CONVERSION = YES_AGGRESSIVE;
				CLANG_CXX_LANGUAGE_STANDARD = "gnu++20";
				CLANG_ENABLE_MODULES = YES;
				CLANG_ENABLE_OBJC_ARC = YES;
				CLANG_ENABLE_OBJC_WEAK = YES;
				CLANG_WARN_BLOCK_CAPTURE_AUTORELEASING = YES;
				CLANG_WARN_BOOL_CONVERSION = YES;
				CLANG_WARN_COMMA = YES;
				CLANG_WARN_CONSTANT_CONVERSION = YES;
				CLANG_WARN_DEPRECATED_OBJC_IMPLEMENTATIONS = YES;
				CLANG_WARN_DIRECT_OBJC_ISA_USAGE = YES_ERROR;
				CLANG_WARN_DOCUMENTATION_COMMENTS = YES;
				CLANG_WARN_EMPTY_BODY = YES;
				CLANG_WARN_ENUM_CONVERSION = YES;
				CLANG_WARN_INFINITE_RECURSION = YES;
				CLANG_WARN_INT_CONVERSION = YES;
				CLANG_WARN_NON_LITERAL_NULL_CONVERSION = YES;
				CLANG_WARN_OBJC_IMPLICIT_RETAIN_SELF = YES;
				CLANG_WARN_OBJC_LITERAL_CONVERSION = YES;
				CLANG_WARN_OBJC_ROOT_CLASS = YES_ERROR;
				CLANG_WARN_QUOTED_INCLUDE_IN_FRAMEWORK_HEADER = YES;
				CLANG_WARN_RANGE_LOOP_ANALYSIS = YES;
				CLANG_WARN_STRICT_PROTOTYPES = YES;
				CLANG_WARN_SUSPICIOUS_MOVE = YES;
				CLANG_WARN_UNGUARDED_AVAILABILITY = YES_AGGRESSIVE;
				CLANG_WARN_UNREACHABLE_CODE = YES;
				CLANG_WARN__DUPLICATE_METHOD_MATCH = YES;
				COPY_PHASE_STRIP = NO;
				DEBUG_INFORMATION_FORMAT = "dwarf-with-dsym";
				ENABLE_NS_ASSERTIONS = NO;
				ENABLE_STRICT_OBJC_MSGSEND = YES;
				ENABLE_USER_SCRIPT_SANDBOXING = YES;
				GCC_C_LANGUAGE_STANDARD = gnu17;
				GCC_NO_COMMON_BLOCKS = YES;
				GCC_WARN_64_TO_32_BIT_CONVERSION = YES;
				GCC_WARN_ABOUT_RETURN_TYPE = YES_ERROR;
				GCC_WARN_UNDECLARED_SELECTOR = YES;
				GCC_WARN_UNINITIALIZED_AUTOS = YES_AGGRESSIVE;
				GCC_WARN_UNUSED_FUNCTION = YES;
				GCC_WARN_UNUSED_VARIABLE = YES;
				IPHONEOS_DEPLOYMENT_TARGET = 18.2;
				LOCALIZATION_PREFERS_STRING_CATALOGS = YES;
				MTL_ENABLE_DEBUG_INFO = NO;
				MTL_FAST_MATH = YES;
				SDKROOT = iphoneos;
				SWIFT_COMPILATION_MODE = wholemodule;
				VALIDATE_PRODUCT = YES;
			};
			name = Release;
		};
		A36B602F2D4C7BF700655E88 /* Debug */ = {
			isa = XCBuildConfiguration;
			buildSettings = {
				ASSETCATALOG_COMPILER_APPICON_NAME = AppIcon;
				ASSETCATALOG_COMPILER_GLOBAL_ACCENT_COLOR_NAME = AccentColor;
				CODE_SIGN_STYLE = Manual;
				CURRENT_PROJECT_VERSION = 1;
				DEVELOPMENT_ASSET_PATHS = "\"AsyncAwaitAPIBootCamp/Preview Content\"";
				DEVELOPMENT_TEAM = "";
				ENABLE_PREVIEWS = YES;
				GENERATE_INFOPLIST_FILE = YES;
				INFOPLIST_KEY_UIApplicationSceneManifest_Generation = YES;
				INFOPLIST_KEY_UIApplicationSupportsIndirectInputEvents = YES;
				INFOPLIST_KEY_UILaunchScreen_Generation = YES;
				INFOPLIST_KEY_UISupportedInterfaceOrientations_iPad = "UIInterfaceOrientationPortrait UIInterfaceOrientationPortraitUpsideDown UIInterfaceOrientationLandscapeLeft UIInterfaceOrientationLandscapeRight";
				INFOPLIST_KEY_UISupportedInterfaceOrientations_iPhone = "UIInterfaceOrientationPortrait UIInterfaceOrientationLandscapeLeft UIInterfaceOrientationLandscapeRight";
				LD_RUNPATH_SEARCH_PATHS = (
					"$(inherited)",
					"@executable_path/Frameworks",
				);
				MARKETING_VERSION = 1.0;
				PRODUCT_BUNDLE_IDENTIFIER = com.ios.AsyncAwaitAPIBootCamp;
				PRODUCT_NAME = "$(TARGET_NAME)";
				PROVISIONING_PROFILE_SPECIFIER = "";
				SWIFT_EMIT_LOC_STRINGS = YES;
				SWIFT_VERSION = 5.0;
				TARGETED_DEVICE_FAMILY = "1,2";
			};
			name = Debug;
		};
		A36B60302D4C7BF700655E88 /* Release */ = {
			isa = XCBuildConfiguration;
			buildSettings = {
				ASSETCATALOG_COMPILER_APPICON_NAME = AppIcon;
				ASSETCATALOG_COMPILER_GLOBAL_ACCENT_COLOR_NAME = AccentColor;
				CODE_SIGN_STYLE = Manual;
				CURRENT_PROJECT_VERSION = 1;
				DEVELOPMENT_ASSET_PATHS = "\"AsyncAwaitAPIBootCamp/Preview Content\"";
				DEVELOPMENT_TEAM = "";
				ENABLE_PREVIEWS = YES;
				GENERATE_INFOPLIST_FILE = YES;
				INFOPLIST_KEY_UIApplicationSceneManifest_Generation = YES;
				INFOPLIST_KEY_UIApplicationSupportsIndirectInputEvents = YES;
				INFOPLIST_KEY_UILaunchScreen_Generation = YES;
				INFOPLIST_KEY_UISupportedInterfaceOrientations_iPad = "UIInterfaceOrientationPortrait UIInterfaceOrientationPortraitUpsideDown UIInterfaceOrientationLandscapeLeft UIInterfaceOrientationLandscapeRight";
				INFOPLIST_KEY_UISupportedInterfaceOrientations_iPhone = "UIInterfaceOrientationPortrait UIInterfaceOrientationLandscapeLeft UIInterfaceOrientationLandscapeRight";
				LD_RUNPATH_SEARCH_PATHS = (
					"$(inherited)",
					"@executable_path/Frameworks",
				);
				MARKETING_VERSION = 1.0;
				PRODUCT_BUNDLE_IDENTIFIER = com.ios.AsyncAwaitAPIBootCamp;
				PRODUCT_NAME = "$(TARGET_NAME)";
				PROVISIONING_PROFILE_SPECIFIER = "";
				SWIFT_EMIT_LOC_STRINGS = YES;
				SWIFT_VERSION = 5.0;
				TARGETED_DEVICE_FAMILY = "1,2";
			};
			name = Release;
		};
		A36B60322D4C7BF700655E88 /* Debug */ = {
			isa = XCBuildConfiguration;
			buildSettings = {
				BUNDLE_LOADER = "$(TEST_HOST)";
				CODE_SIGN_STYLE = Automatic;
				CURRENT_PROJECT_VERSION = 1;
				GENERATE_INFOPLIST_FILE = YES;
				IPHONEOS_DEPLOYMENT_TARGET = 18.2;
				MARKETING_VERSION = 1.0;
				PRODUCT_BUNDLE_IDENTIFIER = com.ios.AsyncAwaitAPIBootCampTests;
				PRODUCT_NAME = "$(TARGET_NAME)";
				SWIFT_EMIT_LOC_STRINGS = NO;
				SWIFT_VERSION = 5.0;
				TARGETED_DEVICE_FAMILY = "1,2";
				TEST_HOST = "$(BUILT_PRODUCTS_DIR)/AsyncAwaitAPIBootCamp.app/$(BUNDLE_EXECUTABLE_FOLDER_PATH)/AsyncAwaitAPIBootCamp";
			};
			name = Debug;
		};
		A36B60332D4C7BF700655E88 /* Release */ = {
			isa = XCBuildConfiguration;
			buildSettings = {
				BUNDLE_LOADER = "$(TEST_HOST)";
				CODE_SIGN_STYLE = Automatic;
				CURRENT_PROJECT_VERSION = 1;
				GENERATE_INFOPLIST_FILE = YES;
				IPHONEOS_DEPLOYMENT_TARGET = 18.2;
				MARKETING_VERSION = 1.0;
				PRODUCT_BUNDLE_IDENTIFIER = com.ios.AsyncAwaitAPIBootCampTests;
				PRODUCT_NAME = "$(TARGET_NAME)";
				SWIFT_EMIT_LOC_STRINGS = NO;
				SWIFT_VERSION = 5.0;
				TARGETED_DEVICE_FAMILY = "1,2";
				TEST_HOST = "$(BUILT_PRODUCTS_DIR)/AsyncAwaitAPIBootCamp.app/$(BUNDLE_EXECUTABLE_FOLDER_PATH)/AsyncAwaitAPIBootCamp";
			};
			name = Release;
		};
		A36B60352D4C7BF700655E88 /* Debug */ = {
			isa = XCBuildConfiguration;
			buildSettings = {
				CODE_SIGN_STYLE = Automatic;
				CURRENT_PROJECT_VERSION = 1;
				GENERATE_INFOPLIST_FILE = YES;
				MARKETING_VERSION = 1.0;
				PRODUCT_BUNDLE_IDENTIFIER = com.ios.AsyncAwaitAPIBootCampUITests;
				PRODUCT_NAME = "$(TARGET_NAME)";
				SWIFT_EMIT_LOC_STRINGS = NO;
				SWIFT_VERSION = 5.0;
				TARGETED_DEVICE_FAMILY = "1,2";
				TEST_TARGET_NAME = AsyncAwaitAPIBootCamp;
			};
			name = Debug;
		};
		A36B60362D4C7BF700655E88 /* Release */ = {
			isa = XCBuildConfiguration;
			buildSettings = {
				CODE_SIGN_STYLE = Automatic;
				CURRENT_PROJECT_VERSION = 1;
				GENERATE_INFOPLIST_FILE = YES;
				MARKETING_VERSION = 1.0;
				PRODUCT_BUNDLE_IDENTIFIER = com.ios.AsyncAwaitAPIBootCampUITests;
				PRODUCT_NAME = "$(TARGET_NAME)";
				SWIFT_EMIT_LOC_STRINGS = NO;
				SWIFT_VERSION = 5.0;
				TARGETED_DEVICE_FAMILY = "1,2";
				TEST_TARGET_NAME = AsyncAwaitAPIBootCamp;
			};
			name = Release;
		};
/* End XCBuildConfiguration section */

/* Begin XCConfigurationList section */
		A36B60052D4C7BF600655E88 /* Build configuration list for PBXProject "AsyncAwaitAPIBootCamp" */ = {
			isa = XCConfigurationList;
			buildConfigurations = (
				A36B602C2D4C7BF700655E88 /* Debug */,
				A36B602D2D4C7BF700655E88 /* Release */,
			);
			defaultConfigurationIsVisible = 0;
			defaultConfigurationName = Release;
		};
		A36B602E2D4C7BF700655E88 /* Build configuration list for PBXNativeTarget "AsyncAwaitAPIBootCamp" */ = {
			isa = XCConfigurationList;
			buildConfigurations = (
				A36B602F2D4C7BF700655E88 /* Debug */,
				A36B60302D4C7BF700655E88 /* Release */,
			);
			defaultConfigurationIsVisible = 0;
			defaultConfigurationName = Release;
		};
		A36B60312D4C7BF700655E88 /* Build configuration list for PBXNativeTarget "AsyncAwaitAPIBootCampTests" */ = {
			isa = XCConfigurationList;
			buildConfigurations = (
				A36B60322D4C7BF700655E88 /* Debug */,
				A36B60332D4C7BF700655E88 /* Release */,
			);
			defaultConfigurationIsVisible = 0;
			defaultConfigurationName = Release;
		};
		A36B60342D4C7BF700655E88 /* Build configuration list for PBXNativeTarget "AsyncAwaitAPIBootCampUITests" */ = {
			isa = XCConfigurationList;
			buildConfigurations = (
				A36B60352D4C7BF700655E88 /* Debug */,
				A36B60362D4C7BF700655E88 /* Release */,
			);
			defaultConfigurationIsVisible = 0;
			defaultConfigurationName = Release;
		};
/* End XCConfigurationList section */
	};
	rootObject = A36B60022D4C7BF600655E88 /* Project object */;
}
